schema: '2.0'
stages:
  stage_01:
    cmd: python stage_01.py
    deps:
    - path: stage_01.py
      hash: md5
      md5: 307011b108814bd8dcaf56009e10975e
      size: 72
    outs:
    - path: artifact.txt
      hash: md5
      md5: 91e2d63e9034bf7ad41ad0a0e409b4ca
      size: 18
  stage_02:
    cmd: python stage_02.py
    deps:
    - path: artifact.txt
      hash: md5
      md5: d3a84ddf1723063a86909731fa4dd48a
      size: 41
    - path: stage_02.py
      hash: md5
      md5: dbc3fe2b1b671965c07a085ace8b4d62
      size: 99
  stage_03:
    cmd: python stage_03.py
    deps:
    - path: artifact.txt
      hash: md5
      md5: d3a84ddf1723063a86909731fa4dd48a
      size: 41
    - path: stage_03.py
      hash: md5
      md5: 9c43ca7e8838aae63d337b87c71c0cf1
      size: 182
